<?xml version="1.0" encoding="utf-8"?>
<Project ToolsVersion="4.0" xmlns="http://schemas.microsoft.com/developer/msbuild/2003">
  <ItemGroup>
    <Filter Include="소스 파일">
      <UniqueIdentifier>{4FC737F1-C7A5-4376-A066-2A32D752A2FF}</UniqueIdentifier>
      <Extensions>cpp;c;cc;cxx;def;odl;idl;hpj;bat;asm;asmx</Extensions>
    </Filter>
    <Filter Include="헤더 파일">
      <UniqueIdentifier>{93995380-89BD-4b04-88EB-625FBE52EBFB}</UniqueIdentifier>
      <Extensions>h;hh;hpp;hxx;hm;inl;inc;ipp;xsd</Extensions>
    </Filter>
    <Filter Include="리소스 파일">
      <UniqueIdentifier>{67DA6AB6-F800-4c08-8B7A-83BB121AAD01}</UniqueIdentifier>
      <Extensions>rc;ico;cur;bmp;dlg;rc2;rct;bin;rgs;gif;jpg;jpeg;jpe;resx;tiff;tif;png;wav;mfcribbon-ms</Extensions>
    </Filter>
    <Filter Include="01.Core">
      <UniqueIdentifier>{e169cd19-4a93-4f10-b5b5-b9dffc06020b}</UniqueIdentifier>
    </Filter>
    <Filter Include="02.Scene">
      <UniqueIdentifier>{d976dba9-4067-4fb8-b27f-d1b3054bef30}</UniqueIdentifier>
    </Filter>
    <Filter Include="01.Core\01.Timer">
      <UniqueIdentifier>{d2804573-ba94-40ff-8d1d-20249ddca040}</UniqueIdentifier>
    </Filter>
    <Filter Include="02.Scene\01.Layer">
      <UniqueIdentifier>{e301b728-e9f1-44d8-aaab-f9d12c9293a1}</UniqueIdentifier>
    </Filter>
    <Filter Include="03.Object">
      <UniqueIdentifier>{10be7042-2b71-46b4-be69-e5ec4cb4ebb1}</UniqueIdentifier>
    </Filter>
    <Filter Include="03.Object\01.MoveObj">
      <UniqueIdentifier>{93d928b3-d9b6-4e95-a1e1-ea29ec63064e}</UniqueIdentifier>
    </Filter>
    <Filter Include="03.Object\01.MoveObj\01.Player">
      <UniqueIdentifier>{b3401c4c-75dd-4cf3-93fc-c9350e89326f}</UniqueIdentifier>
    </Filter>
    <Filter Include="03.Object\02.StaticObj">
      <UniqueIdentifier>{49df1bd0-5bd5-4419-9ee6-7fc7f4016f4d}</UniqueIdentifier>
    </Filter>
    <Filter Include="03.Object\01.MoveObj\02.Monster">
      <UniqueIdentifier>{92f0eb01-4cfe-4e62-a78f-0ed9ce825dac}</UniqueIdentifier>
    </Filter>
  </ItemGroup>
  <ItemGroup>
    <ClCompile Include="main.cpp">
      <Filter>소스 파일</Filter>
    </ClCompile>
    <ClCompile Include="Scene\SceneManager.cpp">
      <Filter>02.Scene</Filter>
    </ClCompile>
    <ClCompile Include="Scene\Scene.cpp">
      <Filter>02.Scene</Filter>
    </ClCompile>
    <ClCompile Include="Scene\InGameScene.cpp">
      <Filter>02.Scene</Filter>
    </ClCompile>
    <ClCompile Include="Core\Timer.cpp">
      <Filter>01.Core\01.Timer</Filter>
    </ClCompile>
    <ClCompile Include="Scene\Layer.cpp">
      <Filter>02.Scene\01.Layer</Filter>
    </ClCompile>
    <ClCompile Include="Object\Obj.cpp">
      <Filter>03.Object</Filter>
    </ClCompile>
    <ClCompile Include="Ref.cpp">
      <Filter>01.Core</Filter>
    </ClCompile>
    <ClCompile Include="Object\MoveObj.cpp">
      <Filter>03.Object\01.MoveObj</Filter>
    </ClCompile>
    <ClCompile Include="Object\Player.cpp">
      <Filter>03.Object\01.MoveObj\01.Player</Filter>
    </ClCompile>
    <ClCompile Include="Object\StaticObj.cpp">
      <Filter>03.Object\02.StaticObj</Filter>
    </ClCompile>
    <ClCompile Include="Object\Minion.cpp">
      <Filter>03.Object\01.MoveObj\02.Monster</Filter>
    </ClCompile>
    <ClCompile Include="Core\Core.cpp">
      <Filter>01.Core</Filter>
    </ClCompile>
  </ItemGroup>
  <ItemGroup>
    <ClInclude Include="Game.h">
      <Filter>헤더 파일</Filter>
    </ClInclude>
    <ClInclude Include="Macro.h">
      <Filter>헤더 파일</Filter>
    </ClInclude>
    <ClInclude Include="resource.h">
      <Filter>헤더 파일</Filter>
    </ClInclude>
    <ClInclude Include="Types.h">
      <Filter>헤더 파일</Filter>
    </ClInclude>
    <ClInclude Include="Scene\SceneManager.h">
      <Filter>02.Scene</Filter>
    </ClInclude>
    <ClInclude Include="Scene\Scene.h">
      <Filter>02.Scene</Filter>
    </ClInclude>
    <ClInclude Include="Scene\InGameScene.h">
      <Filter>02.Scene</Filter>
    </ClInclude>
    <ClInclude Include="Flag.h">
      <Filter>헤더 파일</Filter>
    </ClInclude>
    <ClInclude Include="Core\Timer.h">
      <Filter>01.Core\01.Timer</Filter>
    </ClInclude>
    <ClInclude Include="Scene\Layer.h">
      <Filter>02.Scene\01.Layer</Filter>
    </ClInclude>
    <ClInclude Include="Object\Obj.h">
      <Filter>03.Object</Filter>
    </ClInclude>
    <ClInclude Include="Ref.h">
      <Filter>01.Core</Filter>
    </ClInclude>
    <ClInclude Include="Object\MoveObj.h">
      <Filter>03.Object\01.MoveObj</Filter>
    </ClInclude>
    <ClInclude Include="Object\Player.h">
      <Filter>03.Object\01.MoveObj\01.Player</Filter>
    </ClInclude>
    <ClInclude Include="Object\StaticObj.h">
      <Filter>03.Object\02.StaticObj</Filter>
    </ClInclude>
    <ClInclude Include="Object\Minion.h">
      <Filter>03.Object\01.MoveObj\02.Monster</Filter>
    </ClInclude>
    <ClInclude Include="Core\Core.h">
      <Filter>01.Core</Filter>
    </ClInclude>
  </ItemGroup>
  <ItemGroup>
    <ResourceCompile Include="APIFramework.rc">
      <Filter>리소스 파일</Filter>
    </ResourceCompile>
  </ItemGroup>
  <ItemGroup>
    <Image Include="icon1.ico">
      <Filter>리소스 파일</Filter>
    </Image>
  </ItemGroup>
</Project>